<?xml version="1.0" encoding="utf-8"?>
<Project ToolsVersion="4.0" xmlns="http://schemas.microsoft.com/developer/msbuild/2003">
  <ItemGroup>
    <Filter Include="Thread">
      <UniqueIdentifier>{d3ef7aa6-ac54-44a5-a89a-fd3d7580e4e4}</UniqueIdentifier>
    </Filter>
    <Filter Include="Locks">
      <UniqueIdentifier>{568a7097-dae8-4709-a989-a57a88b3ff94}</UniqueIdentifier>
    </Filter>
    <Filter Include="WorkQueue">
      <UniqueIdentifier>{c4afdb22-9d26-453e-ab54-6c6b03accab5}</UniqueIdentifier>
    </Filter>
    <Filter Include="ConditionVariables">
      <UniqueIdentifier>{6313520e-3f4d-43cc-881e-68fe29403bba}</UniqueIdentifier>
    </Filter>
  </ItemGroup>
  <ItemGroup>
    <ClInclude Include="..\Threading\WorkQueue\AerWorkQueue.h">
      <Filter>WorkQueue</Filter>
    </ClInclude>
    <ClInclude Include="..\Threading\Thread\Thread.h">
      <Filter>Thread</Filter>
    </ClInclude>
    <ClInclude Include="..\Threading\Locks\AerLock.h">
      <Filter>Locks</Filter>
    </ClInclude>
    <ClInclude Include="..\Threading\ConditionVariable\AerCondVar.h">
      <Filter>ConditionVariables</Filter>
    </ClInclude>
  </ItemGroup>
  <ItemGroup>
    <ClCompile Include="..\Threading\WorkQueue\WorkQueue.cpp">
      <Filter>WorkQueue</Filter>
    </ClCompile>
    <ClCompile Include="..\Threading\Thread\Thread.cpp">
      <Filter>Thread</Filter>
    </ClCompile>
    <ClCompile Include="..\Threading\ConditionVariable\AerCondVar.cpp">
      <Filter>ConditionVariables</Filter>
    </ClCompile>
  </ItemGroup>
</Project>