<?xml version="1.0" encoding="utf-8"?>
<Project ToolsVersion="4.0" xmlns="http://schemas.microsoft.com/developer/msbuild/2003">
  <ItemGroup>
    <ClInclude Include="Core\CoreDefs.h">
      <Filter>Core</Filter>
    </ClInclude>
    <ClInclude Include="Core\Assert.h">
      <Filter>Core</Filter>
    </ClInclude>
    <ClInclude Include="FileManager\FileType.h">
      <Filter>FileManager</Filter>
    </ClInclude>
    <ClInclude Include="FileManager\FileManager.h">
      <Filter>FileManager</Filter>
    </ClInclude>
    <ClInclude Include="Core\CoreWarningSuppression.h">
      <Filter>Core</Filter>
    </ClInclude>
    <ClInclude Include="Core\Sound.h">
      <Filter>Sound</Filter>
    </ClInclude>
    <ClInclude Include="Core\System.h">
      <Filter>System</Filter>
    </ClInclude>
    <ClInclude Include="FileManager\FileConfig.h">
      <Filter>HelperClasses</Filter>
    </ClInclude>
    <ClInclude Include="Core\AudioFormat.h">
      <Filter>HelperClasses</Filter>
    </ClInclude>
    <ClInclude Include="Core\STB_Vorbis.h">
      <Filter>Vorbis</Filter>
    </ClInclude>
    <ClInclude Include="Core\XAudio2Sound.h">
      <Filter>Core\Platform\Windows\XAudio2</Filter>
    </ClInclude>
    <ClInclude Include="Core\OSInternalSound.h">
      <Filter>System\InternalSystems</Filter>
    </ClInclude>
    <ClInclude Include="Core\Music.h">
      <Filter>Sound</Filter>
    </ClInclude>
    <ClInclude Include="Core\XAudio2Stream.h">
      <Filter>Core\Platform\Windows\XAudio2</Filter>
    </ClInclude>
    <ClInclude Include="Core\ClassDefs.h">
      <Filter>Core</Filter>
    </ClInclude>
    <ClInclude Include="Core\Handles.h">
      <Filter>Sound</Filter>
    </ClInclude>
    <ClInclude Include="Core\LibraryHookup.h">
      <Filter>Core</Filter>
    </ClInclude>
    <ClInclude Include="Core\AerList.h">
      <Filter>Utilities</Filter>
    </ClInclude>
    <ClInclude Include="Core\MusicStreamer.h">
      <Filter>System\Streaming</Filter>
    </ClInclude>
    <ClInclude Include="Core\SoundManager.h">
      <Filter>System</Filter>
    </ClInclude>
    <ClInclude Include="Core\AudioDataManager.h">
      <Filter>System</Filter>
    </ClInclude>
    <ClInclude Include="Core\StreamCallback.h">
      <Filter>System\Streaming</Filter>
    </ClInclude>
    <ClInclude Include="Core\Reverb.h">
      <Filter>Sound\Effects</Filter>
    </ClInclude>
    <ClInclude Include="Core\Echo.h">
      <Filter>Sound\Effects</Filter>
    </ClInclude>
    <ClInclude Include="Core\AerEffect.h">
      <Filter>Sound\Effects</Filter>
    </ClInclude>
    <ClInclude Include="Core\HardwareEffect.h">
      <Filter>Sound\Effects\Hardware</Filter>
    </ClInclude>
    <ClInclude Include="Core\WindowsEffect.h">
      <Filter>Sound\Effects\Hardware</Filter>
    </ClInclude>
    <ClInclude Include="Core\EffectsDefinitions.h">
      <Filter>Sound\Effects\Hardware</Filter>
    </ClInclude>
    <ClInclude Include="Core\Event.h">
      <Filter>Events</Filter>
    </ClInclude>
    <ClInclude Include="Core\InternalCallbacks.h">
      <Filter>Core</Filter>
    </ClInclude>
    <ClInclude Include="Core\EventTypes.h">
      <Filter>Events</Filter>
    </ClInclude>
    <ClInclude Include="Core\PlayEvent.h">
      <Filter>Events\Play</Filter>
    </ClInclude>
    <ClInclude Include="Core\StopEvent.h">
      <Filter>Events\Stop</Filter>
    </ClInclude>
    <ClInclude Include="Core\PauseEvent.h">
      <Filter>Events\Pause</Filter>
    </ClInclude>
    <ClInclude Include="Core\AudioContainer.h">
      <Filter>Sound Group</Filter>
    </ClInclude>
    <ClInclude Include="Core\AudioBus.h">
      <Filter>Sound</Filter>
    </ClInclude>
    <ClInclude Include="Core\OSInternalBus.h">
      <Filter>System\InternalSystems</Filter>
    </ClInclude>
    <ClInclude Include="Core\XAudio2Bus.h">
      <Filter>Core\Platform\Windows\XAudio2</Filter>
    </ClInclude>
    <ClInclude Include="Core\fnv.h">
      <Filter>Utilities</Filter>
    </ClInclude>
    <ClInclude Include="Core\AerisUtilities.h">
      <Filter>Utilities</Filter>
    </ClInclude>
    <ClInclude Include="Core\EventProcessor.h">
      <Filter>System\Event Handling</Filter>
    </ClInclude>
    <ClInclude Include="Core\EffectsManager.h">
      <Filter>System\Effect Management</Filter>
    </ClInclude>
    <ClInclude Include="Core\HierarchyContainer.h">
      <Filter>Sound Group</Filter>
    </ClInclude>
    <ClInclude Include="Core\SoundContainer.h">
      <Filter>Sound Group</Filter>
    </ClInclude>
    <ClInclude Include="Core\MainEffectContainer.h">
      <Filter>Sound Group</Filter>
    </ClInclude>
    <ClInclude Include="Core\SoundGroupManager.h">
      <Filter>System\Group Management</Filter>
    </ClInclude>
    <ClInclude Include="Core\StreamingService.h">
      <Filter>System\Streaming</Filter>
    </ClInclude>
    <ClInclude Include="Core\WindowsModule.h">
      <Filter>Core\Platform\Windows</Filter>
    </ClInclude>
  </ItemGroup>
  <ItemGroup>
    <Filter Include="Core">
      <UniqueIdentifier>{0d372dc6-1400-41ec-b919-4affe0c5f09b}</UniqueIdentifier>
    </Filter>
    <Filter Include="FileManager">
      <UniqueIdentifier>{bf02fec3-a873-469f-ab36-fd1a89ade86e}</UniqueIdentifier>
    </Filter>
    <Filter Include="Sound">
      <UniqueIdentifier>{ec97df27-9ff4-4596-96d8-317621d5d847}</UniqueIdentifier>
    </Filter>
    <Filter Include="System">
      <UniqueIdentifier>{f68f9e92-8d95-4278-93ad-9bc0a0650406}</UniqueIdentifier>
    </Filter>
    <Filter Include="HelperClasses">
      <UniqueIdentifier>{23d01618-a34c-4139-8827-14621acaab0b}</UniqueIdentifier>
    </Filter>
    <Filter Include="Vorbis">
      <UniqueIdentifier>{6141255b-7a09-4965-bc83-9ffc6ce41604}</UniqueIdentifier>
    </Filter>
    <Filter Include="Utilities">
      <UniqueIdentifier>{5c95033b-7465-4a77-af11-efc9969a24ff}</UniqueIdentifier>
    </Filter>
    <Filter Include="System\Streaming">
      <UniqueIdentifier>{de8416c7-9555-43e5-b68a-5022f762d559}</UniqueIdentifier>
    </Filter>
    <Filter Include="Events">
      <UniqueIdentifier>{c5b68d85-4c11-45be-95ea-4b6e59f7c5e4}</UniqueIdentifier>
    </Filter>
    <Filter Include="Events\Play">
      <UniqueIdentifier>{dc1ed5b3-df9d-4a9e-9bad-cb55cb244e88}</UniqueIdentifier>
    </Filter>
    <Filter Include="Events\Stop">
      <UniqueIdentifier>{8ca8f6f9-69ff-40c8-8fd2-5712da692335}</UniqueIdentifier>
    </Filter>
    <Filter Include="Events\Pause">
      <UniqueIdentifier>{b4c1648b-9e6c-4210-abed-f209bbcfe8e8}</UniqueIdentifier>
    </Filter>
    <Filter Include="Sound Group">
      <UniqueIdentifier>{a9bd8fb8-f295-4438-8b8f-47e54f8dd4ba}</UniqueIdentifier>
    </Filter>
    <Filter Include="System\Event Handling">
      <UniqueIdentifier>{1d089160-eced-4228-8b09-803bf2ef8c79}</UniqueIdentifier>
    </Filter>
    <Filter Include="System\Effect Management">
      <UniqueIdentifier>{bfbcd424-79c6-4bc2-b8c2-d24e55ec0c88}</UniqueIdentifier>
    </Filter>
    <Filter Include="System\Group Management">
      <UniqueIdentifier>{c4ea4b20-e64f-40bb-8448-f75a167dd7bb}</UniqueIdentifier>
    </Filter>
    <Filter Include="Sound\Effects">
      <UniqueIdentifier>{e5290bc8-584a-4dd7-bf54-bb76d82e44b4}</UniqueIdentifier>
    </Filter>
    <Filter Include="Sound\Effects\Hardware">
      <UniqueIdentifier>{87b3df31-ff5b-4325-9c75-cb750d48a52c}</UniqueIdentifier>
    </Filter>
    <Filter Include="Core\Platform">
      <UniqueIdentifier>{a14fce5a-cdbc-47c3-91da-e329d8a16a5a}</UniqueIdentifier>
    </Filter>
    <Filter Include="System\InternalSystems">
      <UniqueIdentifier>{96482e6c-3291-467f-a6ae-98f8fcbb5fd6}</UniqueIdentifier>
    </Filter>
    <Filter Include="Core\Platform\Windows">
      <UniqueIdentifier>{cb453126-bcda-4270-b165-6310210f342e}</UniqueIdentifier>
    </Filter>
    <Filter Include="Core\Platform\Windows\XAudio2">
      <UniqueIdentifier>{5751f029-6bb7-4daf-8732-f3b8b66ba829}</UniqueIdentifier>
    </Filter>
  </ItemGroup>
  <ItemGroup>
    <ClCompile Include="Core\main.cpp">
      <Filter>Core</Filter>
    </ClCompile>
    <ClCompile Include="FileManager\FileManager.cpp">
      <Filter>FileManager</Filter>
    </ClCompile>
    <ClCompile Include="FileManager\FileType.cpp">
      <Filter>FileManager</Filter>
    </ClCompile>
    <ClCompile Include="Core\Sound.cpp">
      <Filter>Sound</Filter>
    </ClCompile>
    <ClCompile Include="Core\System.cpp">
      <Filter>System</Filter>
    </ClCompile>
    <ClCompile Include="FileManager\FileConfig.cpp">
      <Filter>HelperClasses</Filter>
    </ClCompile>
    <ClCompile Include="Core\STB_Vorbis.cpp">
      <Filter>Vorbis</Filter>
    </ClCompile>
    <ClCompile Include="Core\XAudio2Sound.cpp">
      <Filter>Core\Platform\Windows\XAudio2</Filter>
    </ClCompile>
    <ClCompile Include="Core\AudioFormat.cpp">
      <Filter>HelperClasses</Filter>
    </ClCompile>
    <ClCompile Include="Core\OSInternalSound.cpp">
      <Filter>System\InternalSystems</Filter>
    </ClCompile>
    <ClCompile Include="Core\Music.cpp">
      <Filter>Sound</Filter>
    </ClCompile>
    <ClCompile Include="Core\Handles.cpp">
      <Filter>Sound</Filter>
    </ClCompile>
    <ClCompile Include="Core\XAudio2Stream.cpp">
      <Filter>Core\Platform\Windows\XAudio2</Filter>
    </ClCompile>
    <ClCompile Include="Core\MusicStreamer.cpp">
      <Filter>System\Streaming</Filter>
    </ClCompile>
    <ClCompile Include="Core\SoundManager.cpp">
      <Filter>System</Filter>
    </ClCompile>
    <ClCompile Include="Core\AudioDataManager.cpp">
      <Filter>System</Filter>
    </ClCompile>
    <ClCompile Include="Core\StreamCallback.cpp">
      <Filter>System\Streaming</Filter>
    </ClCompile>
    <ClCompile Include="Core\WindowsEffect.cpp">
      <Filter>Sound\Effects\Hardware</Filter>
    </ClCompile>
    <ClCompile Include="Core\HardwareEffect.cpp">
      <Filter>Sound\Effects\Hardware</Filter>
    </ClCompile>
    <ClCompile Include="Core\Echo.cpp">
      <Filter>Sound\Effects</Filter>
    </ClCompile>
    <ClCompile Include="Core\Reverb.cpp">
      <Filter>Sound\Effects</Filter>
    </ClCompile>
    <ClCompile Include="Core\InternalCallbacks.cpp">
      <Filter>Core</Filter>
    </ClCompile>
    <ClCompile Include="Core\Event.cpp">
      <Filter>Events</Filter>
    </ClCompile>
    <ClCompile Include="Core\PlayEvent.cpp">
      <Filter>Events\Play</Filter>
    </ClCompile>
    <ClCompile Include="Core\StopEvent.cpp">
      <Filter>Events\Stop</Filter>
    </ClCompile>
    <ClCompile Include="Core\PauseEvent.cpp">
      <Filter>Events\Pause</Filter>
    </ClCompile>
    <ClCompile Include="Core\XAudio2Bus.cpp">
      <Filter>Core\Platform\Windows\XAudio2</Filter>
    </ClCompile>
    <ClCompile Include="Core\AerEffect.cpp">
      <Filter>Sound\Effects</Filter>
    </ClCompile>
    <ClCompile Include="Core\OSInternalBus.cpp">
      <Filter>System\InternalSystems</Filter>
    </ClCompile>
    <ClCompile Include="Core\AudioBus.cpp">
      <Filter>Sound</Filter>
    </ClCompile>
    <ClCompile Include="Core\EventProcessor.cpp">
      <Filter>System\Event Handling</Filter>
    </ClCompile>
    <ClCompile Include="Core\EffectsManager.cpp">
      <Filter>System\Effect Management</Filter>
    </ClCompile>
    <ClCompile Include="Core\AudioContainer.cpp">
      <Filter>Sound Group</Filter>
    </ClCompile>
    <ClCompile Include="Core\SoundContainer.cpp">
      <Filter>Sound Group</Filter>
    </ClCompile>
    <ClCompile Include="Core\HierarchyContainer.cpp">
      <Filter>Sound Group</Filter>
    </ClCompile>
    <ClCompile Include="Core\MainEffectContainer.cpp">
      <Filter>Sound Group</Filter>
    </ClCompile>
    <ClCompile Include="Core\SoundGroupManager.cpp">
      <Filter>System\Group Management</Filter>
    </ClCompile>
    <ClCompile Include="Core\StreamingService.cpp">
      <Filter>System\Streaming</Filter>
    </ClCompile>
  </ItemGroup>
</Project>