// !$*UTF8*$!
{
	archiveVersion = 1;
	classes = {
	};
	objectVersion = 46;
	objects = {

/* Begin PBXBuildFile section */
		71EE1B0E1C0A459800ED0037 /* AerEffect.cpp in Sources */ = {isa = PBXBuildFile; fileRef = 71EE1ABE1C0A459800ED0037 /* AerEffect.cpp */; };
		71EE1B0F1C0A459800ED0037 /* AudioBus.cpp in Sources */ = {isa = PBXBuildFile; fileRef = 71EE1AC31C0A459800ED0037 /* AudioBus.cpp */; };
		71EE1B101C0A459800ED0037 /* AudioContainer.cpp in Sources */ = {isa = PBXBuildFile; fileRef = 71EE1AC51C0A459800ED0037 /* AudioContainer.cpp */; };
		71EE1B111C0A459800ED0037 /* AudioDataManager.cpp in Sources */ = {isa = PBXBuildFile; fileRef = 71EE1AC71C0A459800ED0037 /* AudioDataManager.cpp */; };
		71EE1B121C0A459800ED0037 /* AudioFormat.cpp in Sources */ = {isa = PBXBuildFile; fileRef = 71EE1AC91C0A459800ED0037 /* AudioFormat.cpp */; };
		71EE1B131C0A459800ED0037 /* Echo.cpp in Sources */ = {isa = PBXBuildFile; fileRef = 71EE1ACE1C0A459800ED0037 /* Echo.cpp */; };
		71EE1B141C0A459800ED0037 /* EffectsManager.cpp in Sources */ = {isa = PBXBuildFile; fileRef = 71EE1AD11C0A459800ED0037 /* EffectsManager.cpp */; };
		71EE1B151C0A459800ED0037 /* Event.cpp in Sources */ = {isa = PBXBuildFile; fileRef = 71EE1AD31C0A459800ED0037 /* Event.cpp */; };
		71EE1B161C0A459800ED0037 /* EventProcessor.cpp in Sources */ = {isa = PBXBuildFile; fileRef = 71EE1AD51C0A459800ED0037 /* EventProcessor.cpp */; };
		71EE1B171C0A459800ED0037 /* Handles.cpp in Sources */ = {isa = PBXBuildFile; fileRef = 71EE1AD91C0A459800ED0037 /* Handles.cpp */; };
		71EE1B181C0A459800ED0037 /* HardwareEffect.cpp in Sources */ = {isa = PBXBuildFile; fileRef = 71EE1ADB1C0A459800ED0037 /* HardwareEffect.cpp */; };
		71EE1B191C0A459800ED0037 /* HierarchyContainer.cpp in Sources */ = {isa = PBXBuildFile; fileRef = 71EE1ADD1C0A459800ED0037 /* HierarchyContainer.cpp */; };
		71EE1B1B1C0A459800ED0037 /* main.cpp in Sources */ = {isa = PBXBuildFile; fileRef = 71EE1AE21C0A459800ED0037 /* main.cpp */; };
		71EE1B1C1C0A459800ED0037 /* MainEffectContainer.cpp in Sources */ = {isa = PBXBuildFile; fileRef = 71EE1AE31C0A459800ED0037 /* MainEffectContainer.cpp */; };
		71EE1B1D1C0A459800ED0037 /* Music.cpp in Sources */ = {isa = PBXBuildFile; fileRef = 71EE1AE51C0A459800ED0037 /* Music.cpp */; };
		71EE1B1E1C0A459800ED0037 /* MusicStreamer.cpp in Sources */ = {isa = PBXBuildFile; fileRef = 71EE1AE71C0A459800ED0037 /* MusicStreamer.cpp */; };
		71EE1B1F1C0A459800ED0037 /* OSInternalBus.cpp in Sources */ = {isa = PBXBuildFile; fileRef = 71EE1AE91C0A459800ED0037 /* OSInternalBus.cpp */; };
		71EE1B201C0A459800ED0037 /* OSInternalSound.cpp in Sources */ = {isa = PBXBuildFile; fileRef = 71EE1AEB1C0A459800ED0037 /* OSInternalSound.cpp */; };
		71EE1B211C0A459800ED0037 /* PauseEvent.cpp in Sources */ = {isa = PBXBuildFile; fileRef = 71EE1AED1C0A459800ED0037 /* PauseEvent.cpp */; };
		71EE1B221C0A459800ED0037 /* PlayEvent.cpp in Sources */ = {isa = PBXBuildFile; fileRef = 71EE1AEF1C0A459800ED0037 /* PlayEvent.cpp */; };
		71EE1B231C0A459800ED0037 /* Reverb.cpp in Sources */ = {isa = PBXBuildFile; fileRef = 71EE1AF11C0A459800ED0037 /* Reverb.cpp */; };
		71EE1B241C0A459800ED0037 /* Sound.cpp in Sources */ = {isa = PBXBuildFile; fileRef = 71EE1AF31C0A459800ED0037 /* Sound.cpp */; };
		71EE1B251C0A459800ED0037 /* SoundContainer.cpp in Sources */ = {isa = PBXBuildFile; fileRef = 71EE1AF51C0A459800ED0037 /* SoundContainer.cpp */; };
		71EE1B261C0A459800ED0037 /* SoundGroupManager.cpp in Sources */ = {isa = PBXBuildFile; fileRef = 71EE1AF71C0A459800ED0037 /* SoundGroupManager.cpp */; };
		71EE1B271C0A459800ED0037 /* SoundManager.cpp in Sources */ = {isa = PBXBuildFile; fileRef = 71EE1AF91C0A459800ED0037 /* SoundManager.cpp */; };
		71EE1B281C0A459800ED0037 /* STB_Vorbis.cpp in Sources */ = {isa = PBXBuildFile; fileRef = 71EE1AFB1C0A459800ED0037 /* STB_Vorbis.cpp */; };
		71EE1B291C0A459800ED0037 /* StopEvent.cpp in Sources */ = {isa = PBXBuildFile; fileRef = 71EE1AFD1C0A459800ED0037 /* StopEvent.cpp */; };
		71EE1B2A1C0A459800ED0037 /* StreamCallback.cpp in Sources */ = {isa = PBXBuildFile; fileRef = 71EE1AFF1C0A459800ED0037 /* StreamCallback.cpp */; };
		71EE1B2B1C0A459800ED0037 /* StreamingService.cpp in Sources */ = {isa = PBXBuildFile; fileRef = 71EE1B011C0A459800ED0037 /* StreamingService.cpp */; };
		71EE1B2C1C0A459800ED0037 /* System.cpp in Sources */ = {isa = PBXBuildFile; fileRef = 71EE1B031C0A459800ED0037 /* System.cpp */; };
		71EE1B451C0A4CEC00ED0037 /* FileConfig.cpp in Sources */ = {isa = PBXBuildFile; fileRef = 71EE1B3F1C0A4CEC00ED0037 /* FileConfig.cpp */; };
		71EE1B461C0A4CEC00ED0037 /* FileManager.cpp in Sources */ = {isa = PBXBuildFile; fileRef = 71EE1B411C0A4CEC00ED0037 /* FileManager.cpp */; };
		71EE1B471C0A4CEC00ED0037 /* FileType.cpp in Sources */ = {isa = PBXBuildFile; fileRef = 71EE1B431C0A4CEC00ED0037 /* FileType.cpp */; };
/* End PBXBuildFile section */

/* Begin PBXCopyFilesBuildPhase section */
		71EE1A3F1C09041800ED0037 /* CopyFiles */ = {
			isa = PBXCopyFilesBuildPhase;
			buildActionMask = 2147483647;
			dstPath = /usr/share/man/man1/;
			dstSubfolderSpec = 0;
			files = (
			);
			runOnlyForDeploymentPostprocessing = 1;
		};
/* End PBXCopyFilesBuildPhase section */

/* Begin PBXFileReference section */
		71EE1A411C09041800ED0037 /* Aeris */ = {isa = PBXFileReference; explicitFileType = "compiled.mach-o.executable"; includeInIndex = 0; path = Aeris; sourceTree = BUILT_PRODUCTS_DIR; };
		71EE1ABE1C0A459800ED0037 /* AerEffect.cpp */ = {isa = PBXFileReference; fileEncoding = 4; lastKnownFileType = sourcecode.cpp.cpp; name = AerEffect.cpp; path = Engine/Core/AerEffect.cpp; sourceTree = "<group>"; };
		71EE1ABF1C0A459800ED0037 /* AerEffect.h */ = {isa = PBXFileReference; fileEncoding = 4; lastKnownFileType = sourcecode.c.h; name = AerEffect.h; path = Engine/Core/AerEffect.h; sourceTree = "<group>"; };
		71EE1AC01C0A459800ED0037 /* AerisUtilities.h */ = {isa = PBXFileReference; fileEncoding = 4; lastKnownFileType = sourcecode.c.h; name = AerisUtilities.h; path = Engine/Core/AerisUtilities.h; sourceTree = "<group>"; };
		71EE1AC11C0A459800ED0037 /* AerList.h */ = {isa = PBXFileReference; fileEncoding = 4; lastKnownFileType = sourcecode.c.h; name = AerList.h; path = Engine/Core/AerList.h; sourceTree = "<group>"; };
		71EE1AC21C0A459800ED0037 /* Assert.h */ = {isa = PBXFileReference; fileEncoding = 4; lastKnownFileType = sourcecode.c.h; name = Assert.h; path = Engine/Core/Assert.h; sourceTree = "<group>"; };
		71EE1AC31C0A459800ED0037 /* AudioBus.cpp */ = {isa = PBXFileReference; fileEncoding = 4; lastKnownFileType = sourcecode.cpp.cpp; name = AudioBus.cpp; path = Engine/Core/AudioBus.cpp; sourceTree = "<group>"; };
		71EE1AC41C0A459800ED0037 /* AudioBus.h */ = {isa = PBXFileReference; fileEncoding = 4; lastKnownFileType = sourcecode.c.h; name = AudioBus.h; path = Engine/Core/AudioBus.h; sourceTree = "<group>"; };
		71EE1AC51C0A459800ED0037 /* AudioContainer.cpp */ = {isa = PBXFileReference; fileEncoding = 4; lastKnownFileType = sourcecode.cpp.cpp; name = AudioContainer.cpp; path = Engine/Core/AudioContainer.cpp; sourceTree = "<group>"; };
		71EE1AC61C0A459800ED0037 /* AudioContainer.h */ = {isa = PBXFileReference; fileEncoding = 4; lastKnownFileType = sourcecode.c.h; name = AudioContainer.h; path = Engine/Core/AudioContainer.h; sourceTree = "<group>"; };
		71EE1AC71C0A459800ED0037 /* AudioDataManager.cpp */ = {isa = PBXFileReference; fileEncoding = 4; lastKnownFileType = sourcecode.cpp.cpp; name = AudioDataManager.cpp; path = Engine/Core/AudioDataManager.cpp; sourceTree = "<group>"; };
		71EE1AC81C0A459800ED0037 /* AudioDataManager.h */ = {isa = PBXFileReference; fileEncoding = 4; lastKnownFileType = sourcecode.c.h; name = AudioDataManager.h; path = Engine/Core/AudioDataManager.h; sourceTree = "<group>"; };
		71EE1AC91C0A459800ED0037 /* AudioFormat.cpp */ = {isa = PBXFileReference; fileEncoding = 4; lastKnownFileType = sourcecode.cpp.cpp; name = AudioFormat.cpp; path = Engine/Core/AudioFormat.cpp; sourceTree = "<group>"; };
		71EE1ACA1C0A459800ED0037 /* AudioFormat.h */ = {isa = PBXFileReference; fileEncoding = 4; lastKnownFileType = sourcecode.c.h; name = AudioFormat.h; path = Engine/Core/AudioFormat.h; sourceTree = "<group>"; };
		71EE1ACB1C0A459800ED0037 /* ClassDefs.h */ = {isa = PBXFileReference; fileEncoding = 4; lastKnownFileType = sourcecode.c.h; name = ClassDefs.h; path = Engine/Core/ClassDefs.h; sourceTree = "<group>"; };
		71EE1ACC1C0A459800ED0037 /* CoreDefs.h */ = {isa = PBXFileReference; fileEncoding = 4; lastKnownFileType = sourcecode.c.h; name = CoreDefs.h; path = Engine/Core/CoreDefs.h; sourceTree = "<group>"; };
		71EE1ACD1C0A459800ED0037 /* CoreWarningSuppression.h */ = {isa = PBXFileReference; fileEncoding = 4; lastKnownFileType = sourcecode.c.h; name = CoreWarningSuppression.h; path = Engine/Core/CoreWarningSuppression.h; sourceTree = "<group>"; };
		71EE1ACE1C0A459800ED0037 /* Echo.cpp */ = {isa = PBXFileReference; fileEncoding = 4; lastKnownFileType = sourcecode.cpp.cpp; name = Echo.cpp; path = Engine/Core/Echo.cpp; sourceTree = "<group>"; };
		71EE1ACF1C0A459800ED0037 /* Echo.h */ = {isa = PBXFileReference; fileEncoding = 4; lastKnownFileType = sourcecode.c.h; name = Echo.h; path = Engine/Core/Echo.h; sourceTree = "<group>"; };
		71EE1AD01C0A459800ED0037 /* EffectsDefinitions.h */ = {isa = PBXFileReference; fileEncoding = 4; lastKnownFileType = sourcecode.c.h; name = EffectsDefinitions.h; path = Engine/Core/EffectsDefinitions.h; sourceTree = "<group>"; };
		71EE1AD11C0A459800ED0037 /* EffectsManager.cpp */ = {isa = PBXFileReference; fileEncoding = 4; lastKnownFileType = sourcecode.cpp.cpp; name = EffectsManager.cpp; path = Engine/Core/EffectsManager.cpp; sourceTree = "<group>"; };
		71EE1AD21C0A459800ED0037 /* EffectsManager.h */ = {isa = PBXFileReference; fileEncoding = 4; lastKnownFileType = sourcecode.c.h; name = EffectsManager.h; path = Engine/Core/EffectsManager.h; sourceTree = "<group>"; };
		71EE1AD31C0A459800ED0037 /* Event.cpp */ = {isa = PBXFileReference; fileEncoding = 4; lastKnownFileType = sourcecode.cpp.cpp; name = Event.cpp; path = Engine/Core/Event.cpp; sourceTree = "<group>"; };
		71EE1AD41C0A459800ED0037 /* Event.h */ = {isa = PBXFileReference; fileEncoding = 4; lastKnownFileType = sourcecode.c.h; name = Event.h; path = Engine/Core/Event.h; sourceTree = "<group>"; };
		71EE1AD51C0A459800ED0037 /* EventProcessor.cpp */ = {isa = PBXFileReference; fileEncoding = 4; lastKnownFileType = sourcecode.cpp.cpp; name = EventProcessor.cpp; path = Engine/Core/EventProcessor.cpp; sourceTree = "<group>"; };
		71EE1AD61C0A459800ED0037 /* EventProcessor.h */ = {isa = PBXFileReference; fileEncoding = 4; lastKnownFileType = sourcecode.c.h; name = EventProcessor.h; path = Engine/Core/EventProcessor.h; sourceTree = "<group>"; };
		71EE1AD71C0A459800ED0037 /* EventTypes.h */ = {isa = PBXFileReference; fileEncoding = 4; lastKnownFileType = sourcecode.c.h; name = EventTypes.h; path = Engine/Core/EventTypes.h; sourceTree = "<group>"; };
		71EE1AD81C0A459800ED0037 /* fnv.h */ = {isa = PBXFileReference; fileEncoding = 4; lastKnownFileType = sourcecode.c.h; name = fnv.h; path = Engine/Core/fnv.h; sourceTree = "<group>"; };
		71EE1AD91C0A459800ED0037 /* Handles.cpp */ = {isa = PBXFileReference; fileEncoding = 4; lastKnownFileType = sourcecode.cpp.cpp; name = Handles.cpp; path = Engine/Core/Handles.cpp; sourceTree = "<group>"; };
		71EE1ADA1C0A459800ED0037 /* Handles.h */ = {isa = PBXFileReference; fileEncoding = 4; lastKnownFileType = sourcecode.c.h; name = Handles.h; path = Engine/Core/Handles.h; sourceTree = "<group>"; };
		71EE1ADB1C0A459800ED0037 /* HardwareEffect.cpp */ = {isa = PBXFileReference; fileEncoding = 4; lastKnownFileType = sourcecode.cpp.cpp; name = HardwareEffect.cpp; path = Engine/Core/HardwareEffect.cpp; sourceTree = "<group>"; };
		71EE1ADC1C0A459800ED0037 /* HardwareEffect.h */ = {isa = PBXFileReference; fileEncoding = 4; lastKnownFileType = sourcecode.c.h; name = HardwareEffect.h; path = Engine/Core/HardwareEffect.h; sourceTree = "<group>"; };
		71EE1ADD1C0A459800ED0037 /* HierarchyContainer.cpp */ = {isa = PBXFileReference; fileEncoding = 4; lastKnownFileType = sourcecode.cpp.cpp; name = HierarchyContainer.cpp; path = Engine/Core/HierarchyContainer.cpp; sourceTree = "<group>"; };
		71EE1ADE1C0A459800ED0037 /* HierarchyContainer.h */ = {isa = PBXFileReference; fileEncoding = 4; lastKnownFileType = sourcecode.c.h; name = HierarchyContainer.h; path = Engine/Core/HierarchyContainer.h; sourceTree = "<group>"; };
		71EE1AE11C0A459800ED0037 /* LibraryHookup.h */ = {isa = PBXFileReference; fileEncoding = 4; lastKnownFileType = sourcecode.c.h; name = LibraryHookup.h; path = Engine/Core/LibraryHookup.h; sourceTree = "<group>"; };
		71EE1AE21C0A459800ED0037 /* main.cpp */ = {isa = PBXFileReference; fileEncoding = 4; lastKnownFileType = sourcecode.cpp.cpp; name = main.cpp; path = Engine/Core/main.cpp; sourceTree = "<group>"; };
		71EE1AE31C0A459800ED0037 /* MainEffectContainer.cpp */ = {isa = PBXFileReference; fileEncoding = 4; lastKnownFileType = sourcecode.cpp.cpp; name = MainEffectContainer.cpp; path = Engine/Core/MainEffectContainer.cpp; sourceTree = "<group>"; };
		71EE1AE41C0A459800ED0037 /* MainEffectContainer.h */ = {isa = PBXFileReference; fileEncoding = 4; lastKnownFileType = sourcecode.c.h; name = MainEffectContainer.h; path = Engine/Core/MainEffectContainer.h; sourceTree = "<group>"; };
		71EE1AE51C0A459800ED0037 /* Music.cpp */ = {isa = PBXFileReference; fileEncoding = 4; lastKnownFileType = sourcecode.cpp.cpp; name = Music.cpp; path = Engine/Core/Music.cpp; sourceTree = "<group>"; };
		71EE1AE61C0A459800ED0037 /* Music.h */ = {isa = PBXFileReference; fileEncoding = 4; lastKnownFileType = sourcecode.c.h; name = Music.h; path = Engine/Core/Music.h; sourceTree = "<group>"; };
		71EE1AE71C0A459800ED0037 /* MusicStreamer.cpp */ = {isa = PBXFileReference; fileEncoding = 4; lastKnownFileType = sourcecode.cpp.cpp; name = MusicStreamer.cpp; path = Engine/Core/MusicStreamer.cpp; sourceTree = "<group>"; };
		71EE1AE81C0A459800ED0037 /* MusicStreamer.h */ = {isa = PBXFileReference; fileEncoding = 4; lastKnownFileType = sourcecode.c.h; name = MusicStreamer.h; path = Engine/Core/MusicStreamer.h; sourceTree = "<group>"; };
		71EE1AE91C0A459800ED0037 /* OSInternalBus.cpp */ = {isa = PBXFileReference; fileEncoding = 4; lastKnownFileType = sourcecode.cpp.cpp; name = OSInternalBus.cpp; path = Engine/Core/OSInternalBus.cpp; sourceTree = "<group>"; };
		71EE1AEA1C0A459800ED0037 /* OSInternalBus.h */ = {isa = PBXFileReference; fileEncoding = 4; lastKnownFileType = sourcecode.c.h; name = OSInternalBus.h; path = Engine/Core/OSInternalBus.h; sourceTree = "<group>"; };
		71EE1AEB1C0A459800ED0037 /* OSInternalSound.cpp */ = {isa = PBXFileReference; fileEncoding = 4; lastKnownFileType = sourcecode.cpp.cpp; name = OSInternalSound.cpp; path = Engine/Core/OSInternalSound.cpp; sourceTree = "<group>"; };
		71EE1AEC1C0A459800ED0037 /* OSInternalSound.h */ = {isa = PBXFileReference; fileEncoding = 4; lastKnownFileType = sourcecode.c.h; name = OSInternalSound.h; path = Engine/Core/OSInternalSound.h; sourceTree = "<group>"; };
		71EE1AED1C0A459800ED0037 /* PauseEvent.cpp */ = {isa = PBXFileReference; fileEncoding = 4; lastKnownFileType = sourcecode.cpp.cpp; name = PauseEvent.cpp; path = Engine/Core/PauseEvent.cpp; sourceTree = "<group>"; };
		71EE1AEE1C0A459800ED0037 /* PauseEvent.h */ = {isa = PBXFileReference; fileEncoding = 4; lastKnownFileType = sourcecode.c.h; name = PauseEvent.h; path = Engine/Core/PauseEvent.h; sourceTree = "<group>"; };
		71EE1AEF1C0A459800ED0037 /* PlayEvent.cpp */ = {isa = PBXFileReference; fileEncoding = 4; lastKnownFileType = sourcecode.cpp.cpp; name = PlayEvent.cpp; path = Engine/Core/PlayEvent.cpp; sourceTree = "<group>"; };
		71EE1AF01C0A459800ED0037 /* PlayEvent.h */ = {isa = PBXFileReference; fileEncoding = 4; lastKnownFileType = sourcecode.c.h; name = PlayEvent.h; path = Engine/Core/PlayEvent.h; sourceTree = "<group>"; };
		71EE1AF11C0A459800ED0037 /* Reverb.cpp */ = {isa = PBXFileReference; fileEncoding = 4; lastKnownFileType = sourcecode.cpp.cpp; name = Reverb.cpp; path = Engine/Core/Reverb.cpp; sourceTree = "<group>"; };
		71EE1AF21C0A459800ED0037 /* Reverb.h */ = {isa = PBXFileReference; fileEncoding = 4; lastKnownFileType = sourcecode.c.h; name = Reverb.h; path = Engine/Core/Reverb.h; sourceTree = "<group>"; };
		71EE1AF31C0A459800ED0037 /* Sound.cpp */ = {isa = PBXFileReference; fileEncoding = 4; lastKnownFileType = sourcecode.cpp.cpp; name = Sound.cpp; path = Engine/Core/Sound.cpp; sourceTree = "<group>"; };
		71EE1AF41C0A459800ED0037 /* Sound.h */ = {isa = PBXFileReference; fileEncoding = 4; lastKnownFileType = sourcecode.c.h; name = Sound.h; path = Engine/Core/Sound.h; sourceTree = "<group>"; };
		71EE1AF51C0A459800ED0037 /* SoundContainer.cpp */ = {isa = PBXFileReference; fileEncoding = 4; lastKnownFileType = sourcecode.cpp.cpp; name = SoundContainer.cpp; path = Engine/Core/SoundContainer.cpp; sourceTree = "<group>"; };
		71EE1AF61C0A459800ED0037 /* SoundContainer.h */ = {isa = PBXFileReference; fileEncoding = 4; lastKnownFileType = sourcecode.c.h; name = SoundContainer.h; path = Engine/Core/SoundContainer.h; sourceTree = "<group>"; };
		71EE1AF71C0A459800ED0037 /* SoundGroupManager.cpp */ = {isa = PBXFileReference; fileEncoding = 4; lastKnownFileType = sourcecode.cpp.cpp; name = SoundGroupManager.cpp; path = Engine/Core/SoundGroupManager.cpp; sourceTree = "<group>"; };
		71EE1AF81C0A459800ED0037 /* SoundGroupManager.h */ = {isa = PBXFileReference; fileEncoding = 4; lastKnownFileType = sourcecode.c.h; name = SoundGroupManager.h; path = Engine/Core/SoundGroupManager.h; sourceTree = "<group>"; };
		71EE1AF91C0A459800ED0037 /* SoundManager.cpp */ = {isa = PBXFileReference; fileEncoding = 4; lastKnownFileType = sourcecode.cpp.cpp; name = SoundManager.cpp; path = Engine/Core/SoundManager.cpp; sourceTree = "<group>"; };
		71EE1AFA1C0A459800ED0037 /* SoundManager.h */ = {isa = PBXFileReference; fileEncoding = 4; lastKnownFileType = sourcecode.c.h; name = SoundManager.h; path = Engine/Core/SoundManager.h; sourceTree = "<group>"; };
		71EE1AFB1C0A459800ED0037 /* STB_Vorbis.cpp */ = {isa = PBXFileReference; fileEncoding = 4; lastKnownFileType = sourcecode.cpp.cpp; name = STB_Vorbis.cpp; path = Engine/Core/STB_Vorbis.cpp; sourceTree = "<group>"; };
		71EE1AFC1C0A459800ED0037 /* STB_Vorbis.h */ = {isa = PBXFileReference; fileEncoding = 4; lastKnownFileType = sourcecode.c.h; name = STB_Vorbis.h; path = Engine/Core/STB_Vorbis.h; sourceTree = "<group>"; };
		71EE1AFD1C0A459800ED0037 /* StopEvent.cpp */ = {isa = PBXFileReference; fileEncoding = 4; lastKnownFileType = sourcecode.cpp.cpp; name = StopEvent.cpp; path = Engine/Core/StopEvent.cpp; sourceTree = "<group>"; };
		71EE1AFE1C0A459800ED0037 /* StopEvent.h */ = {isa = PBXFileReference; fileEncoding = 4; lastKnownFileType = sourcecode.c.h; name = StopEvent.h; path = Engine/Core/StopEvent.h; sourceTree = "<group>"; };
		71EE1AFF1C0A459800ED0037 /* StreamCallback.cpp */ = {isa = PBXFileReference; fileEncoding = 4; lastKnownFileType = sourcecode.cpp.cpp; name = StreamCallback.cpp; path = Engine/Core/StreamCallback.cpp; sourceTree = "<group>"; };
		71EE1B001C0A459800ED0037 /* StreamCallback.h */ = {isa = PBXFileReference; fileEncoding = 4; lastKnownFileType = sourcecode.c.h; name = StreamCallback.h; path = Engine/Core/StreamCallback.h; sourceTree = "<group>"; };
		71EE1B011C0A459800ED0037 /* StreamingService.cpp */ = {isa = PBXFileReference; fileEncoding = 4; lastKnownFileType = sourcecode.cpp.cpp; name = StreamingService.cpp; path = Engine/Core/StreamingService.cpp; sourceTree = "<group>"; };
		71EE1B021C0A459800ED0037 /* StreamingService.h */ = {isa = PBXFileReference; fileEncoding = 4; lastKnownFileType = sourcecode.c.h; name = StreamingService.h; path = Engine/Core/StreamingService.h; sourceTree = "<group>"; };
		71EE1B031C0A459800ED0037 /* System.cpp */ = {isa = PBXFileReference; fileEncoding = 4; lastKnownFileType = sourcecode.cpp.cpp; name = System.cpp; path = Engine/Core/System.cpp; sourceTree = "<group>"; };
		71EE1B041C0A459800ED0037 /* System.h */ = {isa = PBXFileReference; fileEncoding = 4; lastKnownFileType = sourcecode.c.h; name = System.h; path = Engine/Core/System.h; sourceTree = "<group>"; };
		71EE1B3F1C0A4CEC00ED0037 /* FileConfig.cpp */ = {isa = PBXFileReference; fileEncoding = 4; lastKnownFileType = sourcecode.cpp.cpp; name = FileConfig.cpp; path = Engine/FileManager/FileConfig.cpp; sourceTree = "<group>"; };
		71EE1B401C0A4CEC00ED0037 /* FileConfig.h */ = {isa = PBXFileReference; fileEncoding = 4; lastKnownFileType = sourcecode.c.h; name = FileConfig.h; path = Engine/FileManager/FileConfig.h; sourceTree = "<group>"; };
		71EE1B411C0A4CEC00ED0037 /* FileManager.cpp */ = {isa = PBXFileReference; fileEncoding = 4; lastKnownFileType = sourcecode.cpp.cpp; name = FileManager.cpp; path = Engine/FileManager/FileManager.cpp; sourceTree = "<group>"; };
		71EE1B421C0A4CEC00ED0037 /* FileManager.h */ = {isa = PBXFileReference; fileEncoding = 4; lastKnownFileType = sourcecode.c.h; name = FileManager.h; path = Engine/FileManager/FileManager.h; sourceTree = "<group>"; };
		71EE1B431C0A4CEC00ED0037 /* FileType.cpp */ = {isa = PBXFileReference; fileEncoding = 4; lastKnownFileType = sourcecode.cpp.cpp; name = FileType.cpp; path = Engine/FileManager/FileType.cpp; sourceTree = "<group>"; };
		71EE1B441C0A4CEC00ED0037 /* FileType.h */ = {isa = PBXFileReference; fileEncoding = 4; lastKnownFileType = sourcecode.c.h; name = FileType.h; path = Engine/FileManager/FileType.h; sourceTree = "<group>"; };
/* End PBXFileReference section */

/* Begin PBXFrameworksBuildPhase section */
		71EE1A3E1C09041800ED0037 /* Frameworks */ = {
			isa = PBXFrameworksBuildPhase;
			buildActionMask = 2147483647;
			files = (
			);
			runOnlyForDeploymentPostprocessing = 0;
		};
/* End PBXFrameworksBuildPhase section */

/* Begin PBXGroup section */
		71EE1A381C09041800ED0037 = {
			isa = PBXGroup;
			children = (
				71EE1A431C09041800ED0037 /* Aeris */,
				71EE1A421C09041800ED0037 /* Products */,
			);
			sourceTree = "<group>";
		};
		71EE1A421C09041800ED0037 /* Products */ = {
			isa = PBXGroup;
			children = (
				71EE1A411C09041800ED0037 /* Aeris */,
			);
			name = Products;
			sourceTree = "<group>";
		};
		71EE1A431C09041800ED0037 /* Aeris */ = {
			isa = PBXGroup;
			children = (
				71EE1B3E1C0A4C7E00ED0037 /* File Parsing */,
				71EE1B3A1C0A4A9A00ED0037 /* OS layer */,
				71EE1B391C0A4A4800ED0037 /* Sound */,
				71EE1B361C0A477B00ED0037 /* Systems */,
				71EE1B331C0A462E00ED0037 /* Core */,
				71EE1B321C0A45F100ED0037 /* Utilities */,
				71EE1B311C0A45BF00ED0037 /* Effects */,
				71EE1B351C0A476400ED0037 /* Sound Group */,
			);
			path = Aeris;
			sourceTree = "<group>";
		};
		71EE1B311C0A45BF00ED0037 /* Effects */ = {
			isa = PBXGroup;
			children = (
				71EE1AF11C0A459800ED0037 /* Reverb.cpp */,
				71EE1AF21C0A459800ED0037 /* Reverb.h */,
				71EE1ADB1C0A459800ED0037 /* HardwareEffect.cpp */,
				71EE1ADC1C0A459800ED0037 /* HardwareEffect.h */,
				71EE1AD01C0A459800ED0037 /* EffectsDefinitions.h */,
				71EE1ACE1C0A459800ED0037 /* Echo.cpp */,
				71EE1ACF1C0A459800ED0037 /* Echo.h */,
				71EE1ABE1C0A459800ED0037 /* AerEffect.cpp */,
				71EE1ABF1C0A459800ED0037 /* AerEffect.h */,
			);
			name = Effects;
			sourceTree = "<group>";
		};
		71EE1B321C0A45F100ED0037 /* Utilities */ = {
			isa = PBXGroup;
			children = (
				71EE1AD81C0A459800ED0037 /* fnv.h */,
				71EE1AC01C0A459800ED0037 /* AerisUtilities.h */,
				71EE1AC11C0A459800ED0037 /* AerList.h */,
			);
			name = Utilities;
			sourceTree = "<group>";
		};
		71EE1B331C0A462E00ED0037 /* Core */ = {
			isa = PBXGroup;
			children = (
				71EE1B381C0A48F600ED0037 /* Events */,
				71EE1AE11C0A459800ED0037 /* LibraryHookup.h */,
				71EE1AE21C0A459800ED0037 /* main.cpp */,
				71EE1AC91C0A459800ED0037 /* AudioFormat.cpp */,
				71EE1ACA1C0A459800ED0037 /* AudioFormat.h */,
				71EE1ACD1C0A459800ED0037 /* CoreWarningSuppression.h */,
				71EE1ACB1C0A459800ED0037 /* ClassDefs.h */,
				71EE1ACC1C0A459800ED0037 /* CoreDefs.h */,
				71EE1AC21C0A459800ED0037 /* Assert.h */,
			);
			name = Core;
			sourceTree = "<group>";
		};
		71EE1B351C0A476400ED0037 /* Sound Group */ = {
			isa = PBXGroup;
			children = (
				71EE1AF51C0A459800ED0037 /* SoundContainer.cpp */,
				71EE1AF61C0A459800ED0037 /* SoundContainer.h */,
				71EE1ADD1C0A459800ED0037 /* HierarchyContainer.cpp */,
				71EE1ADE1C0A459800ED0037 /* HierarchyContainer.h */,
				71EE1AE31C0A459800ED0037 /* MainEffectContainer.cpp */,
				71EE1AE41C0A459800ED0037 /* MainEffectContainer.h */,
				71EE1AC51C0A459800ED0037 /* AudioContainer.cpp */,
				71EE1AC61C0A459800ED0037 /* AudioContainer.h */,
			);
			name = "Sound Group";
			sourceTree = "<group>";
		};
		71EE1B361C0A477B00ED0037 /* Systems */ = {
			isa = PBXGroup;
			children = (
				71EE1B3D1C0A4BAB00ED0037 /* Streaming */,
				71EE1B411C0A4CEC00ED0037 /* FileManager.cpp */,
				71EE1B421C0A4CEC00ED0037 /* FileManager.h */,
				71EE1B031C0A459800ED0037 /* System.cpp */,
				71EE1B041C0A459800ED0037 /* System.h */,
				71EE1AF91C0A459800ED0037 /* SoundManager.cpp */,
				71EE1AFA1C0A459800ED0037 /* SoundManager.h */,
				71EE1AF71C0A459800ED0037 /* SoundGroupManager.cpp */,
				71EE1AF81C0A459800ED0037 /* SoundGroupManager.h */,
				71EE1AD11C0A459800ED0037 /* EffectsManager.cpp */,
				71EE1AD21C0A459800ED0037 /* EffectsManager.h */,
				71EE1AD51C0A459800ED0037 /* EventProcessor.cpp */,
				71EE1AD61C0A459800ED0037 /* EventProcessor.h */,
				71EE1AC71C0A459800ED0037 /* AudioDataManager.cpp */,
				71EE1AC81C0A459800ED0037 /* AudioDataManager.h */,
			);
			name = Systems;
			sourceTree = "<group>";
		};
		71EE1B381C0A48F600ED0037 /* Events */ = {
			isa = PBXGroup;
			children = (
				71EE1AFD1C0A459800ED0037 /* StopEvent.cpp */,
				71EE1AFE1C0A459800ED0037 /* StopEvent.h */,
				71EE1AED1C0A459800ED0037 /* PauseEvent.cpp */,
				71EE1AEE1C0A459800ED0037 /* PauseEvent.h */,
				71EE1AEF1C0A459800ED0037 /* PlayEvent.cpp */,
				71EE1AF01C0A459800ED0037 /* PlayEvent.h */,
				71EE1AD31C0A459800ED0037 /* Event.cpp */,
				71EE1AD41C0A459800ED0037 /* Event.h */,
				71EE1AD71C0A459800ED0037 /* EventTypes.h */,
			);
			name = Events;
			sourceTree = "<group>";
		};
		71EE1B391C0A4A4800ED0037 /* Sound */ = {
			isa = PBXGroup;
			children = (
				71EE1AD91C0A459800ED0037 /* Handles.cpp */,
				71EE1ADA1C0A459800ED0037 /* Handles.h */,
				71EE1AC31C0A459800ED0037 /* AudioBus.cpp */,
				71EE1AC41C0A459800ED0037 /* AudioBus.h */,
				71EE1AF31C0A459800ED0037 /* Sound.cpp */,
				71EE1AF41C0A459800ED0037 /* Sound.h */,
				71EE1AE51C0A459800ED0037 /* Music.cpp */,
				71EE1AE61C0A459800ED0037 /* Music.h */,
			);
			name = Sound;
			sourceTree = "<group>";
		};
		71EE1B3A1C0A4A9A00ED0037 /* OS layer */ = {
			isa = PBXGroup;
			children = (
				71EE1B3C1C0A4B8D00ED0037 /* OS X */,
				71EE1AE91C0A459800ED0037 /* OSInternalBus.cpp */,
				71EE1AEA1C0A459800ED0037 /* OSInternalBus.h */,
				71EE1AEB1C0A459800ED0037 /* OSInternalSound.cpp */,
				71EE1AEC1C0A459800ED0037 /* OSInternalSound.h */,
			);
			name = "OS layer";
			sourceTree = "<group>";
		};
		71EE1B3C1C0A4B8D00ED0037 /* OS X */ = {
			isa = PBXGroup;
			children = (
			);
			name = "OS X";
			sourceTree = "<group>";
		};
		71EE1B3D1C0A4BAB00ED0037 /* Streaming */ = {
			isa = PBXGroup;
			children = (
				71EE1AFF1C0A459800ED0037 /* StreamCallback.cpp */,
				71EE1B001C0A459800ED0037 /* StreamCallback.h */,
				71EE1B011C0A459800ED0037 /* StreamingService.cpp */,
				71EE1B021C0A459800ED0037 /* StreamingService.h */,
				71EE1AE71C0A459800ED0037 /* MusicStreamer.cpp */,
				71EE1AE81C0A459800ED0037 /* MusicStreamer.h */,
			);
			name = Streaming;
			sourceTree = "<group>";
		};
		71EE1B3E1C0A4C7E00ED0037 /* File Parsing */ = {
			isa = PBXGroup;
			children = (
				71EE1B431C0A4CEC00ED0037 /* FileType.cpp */,
				71EE1B441C0A4CEC00ED0037 /* FileType.h */,
				71EE1B3F1C0A4CEC00ED0037 /* FileConfig.cpp */,
				71EE1B401C0A4CEC00ED0037 /* FileConfig.h */,
				71EE1AFB1C0A459800ED0037 /* STB_Vorbis.cpp */,
				71EE1AFC1C0A459800ED0037 /* STB_Vorbis.h */,
			);
			name = "File Parsing";
			sourceTree = "<group>";
		};
/* End PBXGroup section */

/* Begin PBXNativeTarget section */
		71EE1A401C09041800ED0037 /* Aeris */ = {
			isa = PBXNativeTarget;
			buildConfigurationList = 71EE1A481C09041800ED0037 /* Build configuration list for PBXNativeTarget "Aeris" */;
			buildPhases = (
				71EE1A3D1C09041800ED0037 /* Sources */,
				71EE1A3E1C09041800ED0037 /* Frameworks */,
				71EE1A3F1C09041800ED0037 /* CopyFiles */,
			);
			buildRules = (
			);
			dependencies = (
			);
			name = Aeris;
			productName = Aeris;
			productReference = 71EE1A411C09041800ED0037 /* Aeris */;
			productType = "com.apple.product-type.tool";
		};
/* End PBXNativeTarget section */

/* Begin PBXProject section */
		71EE1A391C09041800ED0037 /* Project object */ = {
			isa = PBXProject;
			attributes = {
				LastUpgradeCheck = 0710;
				ORGANIZATIONNAME = "Nathan Blane";
				TargetAttributes = {
					71EE1A401C09041800ED0037 = {
						CreatedOnToolsVersion = 7.1.1;
					};
				};
			};
			buildConfigurationList = 71EE1A3C1C09041800ED0037 /* Build configuration list for PBXProject "Aeris" */;
			compatibilityVersion = "Xcode 3.2";
			developmentRegion = English;
			hasScannedForEncodings = 0;
			knownRegions = (
				en,
			);
			mainGroup = 71EE1A381C09041800ED0037;
			productRefGroup = 71EE1A421C09041800ED0037 /* Products */;
			projectDirPath = "";
			projectRoot = "";
			targets = (
				71EE1A401C09041800ED0037 /* Aeris */,
			);
		};
/* End PBXProject section */

/* Begin PBXSourcesBuildPhase section */
		71EE1A3D1C09041800ED0037 /* Sources */ = {
			isa = PBXSourcesBuildPhase;
			buildActionMask = 2147483647;
			files = (
				71EE1B2A1C0A459800ED0037 /* StreamCallback.cpp in Sources */,
				71EE1B241C0A459800ED0037 /* Sound.cpp in Sources */,
				71EE1B161C0A459800ED0037 /* EventProcessor.cpp in Sources */,
				71EE1B291C0A459800ED0037 /* StopEvent.cpp in Sources */,
				71EE1B221C0A459800ED0037 /* PlayEvent.cpp in Sources */,
				71EE1B131C0A459800ED0037 /* Echo.cpp in Sources */,
				71EE1B1C1C0A459800ED0037 /* MainEffectContainer.cpp in Sources */,
				71EE1B141C0A459800ED0037 /* EffectsManager.cpp in Sources */,
				71EE1B171C0A459800ED0037 /* Handles.cpp in Sources */,
				71EE1B1B1C0A459800ED0037 /* main.cpp in Sources */,
				71EE1B2B1C0A459800ED0037 /* StreamingService.cpp in Sources */,
				71EE1B261C0A459800ED0037 /* SoundGroupManager.cpp in Sources */,
				71EE1B1E1C0A459800ED0037 /* MusicStreamer.cpp in Sources */,
				71EE1B111C0A459800ED0037 /* AudioDataManager.cpp in Sources */,
				71EE1B191C0A459800ED0037 /* HierarchyContainer.cpp in Sources */,
				71EE1B451C0A4CEC00ED0037 /* FileConfig.cpp in Sources */,
				71EE1B121C0A459800ED0037 /* AudioFormat.cpp in Sources */,
				71EE1B471C0A4CEC00ED0037 /* FileType.cpp in Sources */,
				71EE1B231C0A459800ED0037 /* Reverb.cpp in Sources */,
				71EE1B181C0A459800ED0037 /* HardwareEffect.cpp in Sources */,
				71EE1B271C0A459800ED0037 /* SoundManager.cpp in Sources */,
				71EE1B1F1C0A459800ED0037 /* OSInternalBus.cpp in Sources */,
				71EE1B151C0A459800ED0037 /* Event.cpp in Sources */,
				71EE1B1D1C0A459800ED0037 /* Music.cpp in Sources */,
				71EE1B2C1C0A459800ED0037 /* System.cpp in Sources */,
				71EE1B101C0A459800ED0037 /* AudioContainer.cpp in Sources */,
				71EE1B211C0A459800ED0037 /* PauseEvent.cpp in Sources */,
				71EE1B0E1C0A459800ED0037 /* AerEffect.cpp in Sources */,
				71EE1B0F1C0A459800ED0037 /* AudioBus.cpp in Sources */,
				71EE1B281C0A459800ED0037 /* STB_Vorbis.cpp in Sources */,
				71EE1B461C0A4CEC00ED0037 /* FileManager.cpp in Sources */,
				71EE1B201C0A459800ED0037 /* OSInternalSound.cpp in Sources */,
				71EE1B251C0A459800ED0037 /* SoundContainer.cpp in Sources */,
			);
			runOnlyForDeploymentPostprocessing = 0;
		};
/* End PBXSourcesBuildPhase section */

/* Begin XCBuildConfiguration section */
		71EE1A461C09041800ED0037 /* Debug */ = {
			isa = XCBuildConfiguration;
			buildSettings = {
				ALWAYS_SEARCH_USER_PATHS = NO;
				CLANG_CXX_LANGUAGE_STANDARD = "gnu++0x";
				CLANG_CXX_LIBRARY = "libc++";
				CLANG_ENABLE_MODULES = YES;
				CLANG_ENABLE_OBJC_ARC = YES;
				CLANG_WARN_BOOL_CONVERSION = YES;
				CLANG_WARN_CONSTANT_CONVERSION = YES;
				CLANG_WARN_DIRECT_OBJC_ISA_USAGE = YES_ERROR;
				CLANG_WARN_EMPTY_BODY = YES;
				CLANG_WARN_ENUM_CONVERSION = YES;
				CLANG_WARN_INT_CONVERSION = YES;
				CLANG_WARN_OBJC_ROOT_CLASS = YES_ERROR;
				CLANG_WARN_UNREACHABLE_CODE = YES;
				CLANG_WARN__DUPLICATE_METHOD_MATCH = YES;
				CODE_SIGN_IDENTITY = "-";
				COPY_PHASE_STRIP = NO;
				DEBUG_INFORMATION_FORMAT = dwarf;
				ENABLE_STRICT_OBJC_MSGSEND = YES;
				ENABLE_TESTABILITY = YES;
				GCC_C_LANGUAGE_STANDARD = gnu99;
				GCC_DYNAMIC_NO_PIC = NO;
				GCC_NO_COMMON_BLOCKS = YES;
				GCC_OPTIMIZATION_LEVEL = 0;
				GCC_PREPROCESSOR_DEFINITIONS = (
					"DEBUG=1",
					"$(inherited)",
				);
				GCC_WARN_64_TO_32_BIT_CONVERSION = YES;
				GCC_WARN_ABOUT_RETURN_TYPE = YES_ERROR;
				GCC_WARN_UNDECLARED_SELECTOR = YES;
				GCC_WARN_UNINITIALIZED_AUTOS = YES_AGGRESSIVE;
				GCC_WARN_UNUSED_FUNCTION = YES;
				GCC_WARN_UNUSED_VARIABLE = YES;
				MACOSX_DEPLOYMENT_TARGET = 10.11;
				MTL_ENABLE_DEBUG_INFO = YES;
				ONLY_ACTIVE_ARCH = YES;
				SDKROOT = macosx;
			};
			name = Debug;
		};
		71EE1A471C09041800ED0037 /* Release */ = {
			isa = XCBuildConfiguration;
			buildSettings = {
				ALWAYS_SEARCH_USER_PATHS = NO;
				CLANG_CXX_LANGUAGE_STANDARD = "gnu++0x";
				CLANG_CXX_LIBRARY = "libc++";
				CLANG_ENABLE_MODULES = YES;
				CLANG_ENABLE_OBJC_ARC = YES;
				CLANG_WARN_BOOL_CONVERSION = YES;
				CLANG_WARN_CONSTANT_CONVERSION = YES;
				CLANG_WARN_DIRECT_OBJC_ISA_USAGE = YES_ERROR;
				CLANG_WARN_EMPTY_BODY = YES;
				CLANG_WARN_ENUM_CONVERSION = YES;
				CLANG_WARN_INT_CONVERSION = YES;
				CLANG_WARN_OBJC_ROOT_CLASS = YES_ERROR;
				CLANG_WARN_UNREACHABLE_CODE = YES;
				CLANG_WARN__DUPLICATE_METHOD_MATCH = YES;
				CODE_SIGN_IDENTITY = "-";
				COPY_PHASE_STRIP = NO;
				DEBUG_INFORMATION_FORMAT = "dwarf-with-dsym";
				ENABLE_NS_ASSERTIONS = NO;
				ENABLE_STRICT_OBJC_MSGSEND = YES;
				GCC_C_LANGUAGE_STANDARD = gnu99;
				GCC_NO_COMMON_BLOCKS = YES;
				GCC_WARN_64_TO_32_BIT_CONVERSION = YES;
				GCC_WARN_ABOUT_RETURN_TYPE = YES_ERROR;
				GCC_WARN_UNDECLARED_SELECTOR = YES;
				GCC_WARN_UNINITIALIZED_AUTOS = YES_AGGRESSIVE;
				GCC_WARN_UNUSED_FUNCTION = YES;
				GCC_WARN_UNUSED_VARIABLE = YES;
				MACOSX_DEPLOYMENT_TARGET = 10.11;
				MTL_ENABLE_DEBUG_INFO = NO;
				SDKROOT = macosx;
			};
			name = Release;
		};
		71EE1A491C09041800ED0037 /* Debug */ = {
			isa = XCBuildConfiguration;
			buildSettings = {
				PRODUCT_NAME = "$(TARGET_NAME)";
			};
			name = Debug;
		};
		71EE1A4A1C09041800ED0037 /* Release */ = {
			isa = XCBuildConfiguration;
			buildSettings = {
				PRODUCT_NAME = "$(TARGET_NAME)";
			};
			name = Release;
		};
/* End XCBuildConfiguration section */

/* Begin XCConfigurationList section */
		71EE1A3C1C09041800ED0037 /* Build configuration list for PBXProject "Aeris" */ = {
			isa = XCConfigurationList;
			buildConfigurations = (
				71EE1A461C09041800ED0037 /* Debug */,
				71EE1A471C09041800ED0037 /* Release */,
			);
			defaultConfigurationIsVisible = 0;
			defaultConfigurationName = Release;
		};
		71EE1A481C09041800ED0037 /* Build configuration list for PBXNativeTarget "Aeris" */ = {
			isa = XCConfigurationList;
			buildConfigurations = (
				71EE1A491C09041800ED0037 /* Debug */,
				71EE1A4A1C09041800ED0037 /* Release */,
			);
			defaultConfigurationIsVisible = 0;
		};
/* End XCConfigurationList section */
	};
	rootObject = 71EE1A391C09041800ED0037 /* Project object */;
}
